
Microsoft Visual Studio Solution File, Format Version 12.00
# Visual Studio Version 16
VisualStudioVersion = 16.0.31605.320
MinimumVisualStudioVersion = 10.0.40219.1
Project("{FAE04EC0-301F-11D3-BF4B-00C04F79EFBC}") = "HIkeAndBikeAdminApplication", "HIkeAndBikeAdminApplication\HIkeAndBikeAdminApplication.csproj", "{9340A0B9-12F2-46B7-BCED-8C2B3BD0F46A}"
EndProject
Global
	GlobalSection(SolutionConfigurationPlatforms) = preSolution
		Debug|Any CPU = Debug|Any CPU
		Release|Any CPU = Release|Any CPU
	EndGlobalSection
	GlobalSection(ProjectConfigurationPlatforms) = postSolution
		{9340A0B9-12F2-46B7-BCED-8C2B3BD0F46A}.Debug|Any CPU.ActiveCfg = Debug|Any CPU
		{9340A0B9-12F2-46B7-BCED-8C2B3BD0F46A}.Debug|Any CPU.Build.0 = Debug|Any CPU
		{9340A0B9-12F2-46B7-BCED-8C2B3BD0F46A}.Release|Any CPU.ActiveCfg = Release|Any CPU
		{9340A0B9-12F2-46B7-BCED-8C2B3BD0F46A}.Release|Any CPU.Build.0 = Release|Any CPU
	EndGlobalSection
	GlobalSection(SolutionProperties) = preSolution
		HideSolutionNode = FALSE
	EndGlobalSection
	GlobalSection(ExtensibilityGlobals) = postSolution
		SolutionGuid = {001A7E74-967E-4259-838F-997B7E83F4D4}
	EndGlobalSection
EndGlobal
