
Microsoft Visual Studio Solution File, Format Version 12.00
# Visual Studio Version 16
VisualStudioVersion = 16.0.31605.320
MinimumVisualStudioVersion = 10.0.40219.1
Project("{9A19103F-16F7-4668-BE54-9A1E7A4F7556}") = "HikeAndBike.Web", "HikeAndBike.Web\HikeAndBike.Web.csproj", "{B061C51F-FF79-4F05-B5E1-AF9B9C815F54}"
EndProject
Project("{FAE04EC0-301F-11D3-BF4B-00C04F79EFBC}") = "HikeAndBike.Domain", "HikeAndBike.Domain\HikeAndBike.Domain.csproj", "{B8EF94F5-587E-4739-A9BC-876620020142}"
EndProject
Project("{FAE04EC0-301F-11D3-BF4B-00C04F79EFBC}") = "HikeAndBike.Service", "HikeAndBike.Service\HikeAndBike.Service.csproj", "{3F38AA33-3913-42CD-BF5A-B9BFC25E68BB}"
EndProject
Project("{FAE04EC0-301F-11D3-BF4B-00C04F79EFBC}") = "HikeAndBike.Repository", "HikeAndBike.Repository\HikeAndBike.Repository.csproj", "{9BF24387-B19B-48B4-BEF5-EB1687A01FD7}"
EndProject
Global
	GlobalSection(SolutionConfigurationPlatforms) = preSolution
		Debug|Any CPU = Debug|Any CPU
		Release|Any CPU = Release|Any CPU
	EndGlobalSection
	GlobalSection(ProjectConfigurationPlatforms) = postSolution
		{B061C51F-FF79-4F05-B5E1-AF9B9C815F54}.Debug|Any CPU.ActiveCfg = Debug|Any CPU
		{B061C51F-FF79-4F05-B5E1-AF9B9C815F54}.Debug|Any CPU.Build.0 = Debug|Any CPU
		{B061C51F-FF79-4F05-B5E1-AF9B9C815F54}.Release|Any CPU.ActiveCfg = Release|Any CPU
		{B061C51F-FF79-4F05-B5E1-AF9B9C815F54}.Release|Any CPU.Build.0 = Release|Any CPU
		{B8EF94F5-587E-4739-A9BC-876620020142}.Debug|Any CPU.ActiveCfg = Debug|Any CPU
		{B8EF94F5-587E-4739-A9BC-876620020142}.Debug|Any CPU.Build.0 = Debug|Any CPU
		{B8EF94F5-587E-4739-A9BC-876620020142}.Release|Any CPU.ActiveCfg = Release|Any CPU
		{B8EF94F5-587E-4739-A9BC-876620020142}.Release|Any CPU.Build.0 = Release|Any CPU
		{3F38AA33-3913-42CD-BF5A-B9BFC25E68BB}.Debug|Any CPU.ActiveCfg = Debug|Any CPU
		{3F38AA33-3913-42CD-BF5A-B9BFC25E68BB}.Debug|Any CPU.Build.0 = Debug|Any CPU
		{3F38AA33-3913-42CD-BF5A-B9BFC25E68BB}.Release|Any CPU.ActiveCfg = Release|Any CPU
		{3F38AA33-3913-42CD-BF5A-B9BFC25E68BB}.Release|Any CPU.Build.0 = Release|Any CPU
		{9BF24387-B19B-48B4-BEF5-EB1687A01FD7}.Debug|Any CPU.ActiveCfg = Debug|Any CPU
		{9BF24387-B19B-48B4-BEF5-EB1687A01FD7}.Debug|Any CPU.Build.0 = Debug|Any CPU
		{9BF24387-B19B-48B4-BEF5-EB1687A01FD7}.Release|Any CPU.ActiveCfg = Release|Any CPU
		{9BF24387-B19B-48B4-BEF5-EB1687A01FD7}.Release|Any CPU.Build.0 = Release|Any CPU
	EndGlobalSection
	GlobalSection(SolutionProperties) = preSolution
		HideSolutionNode = FALSE
	EndGlobalSection
	GlobalSection(ExtensibilityGlobals) = postSolution
		SolutionGuid = {2E3B62D1-8269-49DF-B5EB-1E86AAC794AA}
	EndGlobalSection
EndGlobal
